
Microsoft Visual Studio Solution File, Format Version 12.00
# Visual Studio Version 17
VisualStudioVersion = 17.9.34701.34
MinimumVisualStudioVersion = 10.0.40219.1
Project("{2150E333-8FDC-42A3-9474-1A3956D46DE8}") = "src", "src", "{488C050D-93CB-4346-A6E9-77F8DFA6F5AA}"
	ProjectSection(SolutionItems) = preProject
		observacoes.txt = observacoes.txt
	EndProjectSection
EndProject
Project("{2150E333-8FDC-42A3-9474-1A3956D46DE8}") = "Building Blocks", "Building Blocks", "{0E6DEE51-D2DD-45F0-AF2A-17C6378059F2}"
EndProject
Project("{2150E333-8FDC-42A3-9474-1A3956D46DE8}") = "Services", "Services", "{27FD2B68-17C4-46DD-BE82-9521E3B3C856}"
EndProject
Project("{2150E333-8FDC-42A3-9474-1A3956D46DE8}") = "Web", "Web", "{8A095312-6CED-4771-BAC8-44735BC8A62D}"
EndProject
Project("{2150E333-8FDC-42A3-9474-1A3956D46DE8}") = "Identidade", "Identidade", "{F62C42E0-8956-4786-88B8-2C58839C1FDC}"
EndProject
Project("{9A19103F-16F7-4668-BE54-9A1E7A4F7556}") = "NSE.Identidade.API", "src\services\NSE.Identidade.API\NSE.Identidade.API.csproj", "{F74EA9C8-5608-48E8-939C-475A7B459AB8}"
EndProject
Project("{2150E333-8FDC-42A3-9474-1A3956D46DE8}") = "MVC", "MVC", "{76185F31-1064-40B5-A29C-5C00242E5B04}"
EndProject
Project("{9A19103F-16F7-4668-BE54-9A1E7A4F7556}") = "NSE.WebApp.MVC", "src\web\NSE.WebApp.MVC\NSE.WebApp.MVC.csproj", "{954BAAA7-C7B6-42F6-BF57-B809BF16CA34}"
EndProject
Project("{2150E333-8FDC-42A3-9474-1A3956D46DE8}") = "Core", "Core", "{A5972CFA-887A-4553-9009-77575477F3D7}"
EndProject
Project("{9A19103F-16F7-4668-BE54-9A1E7A4F7556}") = "NSE.Core", "src\building blocks\NSE.Core\NSE.Core.csproj", "{37D87EC0-2A47-4578-BD08-400DE82A47D9}"
EndProject
Project("{2150E333-8FDC-42A3-9474-1A3956D46DE8}") = "Carrinho", "Carrinho", "{6F9E12B8-4081-44AC-8BEC-DD48EA5DD3A9}"
EndProject
Project("{2150E333-8FDC-42A3-9474-1A3956D46DE8}") = "Catalogo", "Catalogo", "{36034720-0673-45BA-8AEA-5E27E0013A46}"
EndProject
Project("{2150E333-8FDC-42A3-9474-1A3956D46DE8}") = "Cliente", "Cliente", "{589B1644-E11A-441C-9416-C08F627758F3}"
EndProject
Project("{2150E333-8FDC-42A3-9474-1A3956D46DE8}") = "Pagamento", "Pagamento", "{1FC1BA49-1B76-4F16-8642-DD02441B3FE6}"
EndProject
Project("{2150E333-8FDC-42A3-9474-1A3956D46DE8}") = "Pedido", "Pedido", "{9049F225-D74C-44CD-B5AD-533E9183BAC2}"
EndProject
Project("{9A19103F-16F7-4668-BE54-9A1E7A4F7556}") = "NSE.Carrinho.API", "src\services\NSE.Carrinho.API\NSE.Carrinho.API.csproj", "{C3127872-16DD-40BA-96AE-233C2C2D79A0}"
EndProject
Project("{9A19103F-16F7-4668-BE54-9A1E7A4F7556}") = "NSE.Catalogo.API", "src\services\NSE.Catalogo.API\NSE.Catalogo.API.csproj", "{78AABEF3-8827-410D-ABFC-C4CD01C08FD0}"
EndProject
Project("{9A19103F-16F7-4668-BE54-9A1E7A4F7556}") = "NSE.Cliente.API", "src\services\NSE.Cliente.API\NSE.Cliente.API.csproj", "{766C0895-6E76-404A-A020-3B60D4C89DDD}"
EndProject
Project("{9A19103F-16F7-4668-BE54-9A1E7A4F7556}") = "NSE.Pagamento.API", "src\services\NSE.Pagamento.API\NSE.Pagamento.API.csproj", "{24235CDB-760D-4380-83BB-53DE3930BEFE}"
EndProject
Project("{9A19103F-16F7-4668-BE54-9A1E7A4F7556}") = "NSE.Pedido.API", "src\services\NSE.Pedido.API\NSE.Pedido.API.csproj", "{B57FA393-87AF-4CF0-A44B-E55769831E5B}"
EndProject
Project("{2150E333-8FDC-42A3-9474-1A3956D46DE8}") = "Services", "Services", "{A50226F3-3596-4E5F-9445-915A32B2C9D2}"
EndProject
Project("{9A19103F-16F7-4668-BE54-9A1E7A4F7556}") = "NSE.WebAPI.Core", "src\building blocks\NSE.WebAPI.Core\NSE.WebAPI.Core.csproj", "{6B57FDA9-80F0-4D36-94FC-091CCDE9A7DD}"
EndProject
Project("{2150E333-8FDC-42A3-9474-1A3956D46DE8}") = "MessageBus", "MessageBus", "{8A541CDF-0922-46F8-833D-A6FE717F5FFA}"
EndProject
Project("{9A19103F-16F7-4668-BE54-9A1E7A4F7556}") = "NSE.MessageBus", "src\building blocks\NSE.MessageBus\NSE.MessageBus.csproj", "{138DDB6B-223E-4B29-9CAC-68AC81F9C0CE}"
EndProject
Project("{2150E333-8FDC-42A3-9474-1A3956D46DE8}") = "Imagens", "Imagens", "{DD8B6774-7D82-4DCD-8727-2EE4D46E67E1}"
EndProject
Project("{2150E333-8FDC-42A3-9474-1A3956D46DE8}") = "ApiGateways", "ApiGateways", "{C1472EB8-7648-42E6-BD27-8C02FCF8C8BE}"
EndProject
Project("{2150E333-8FDC-42A3-9474-1A3956D46DE8}") = "Compras", "Compras", "{0BA8F1CD-3594-45EF-B976-63F8CDD44027}"
EndProject
Project("{9A19103F-16F7-4668-BE54-9A1E7A4F7556}") = "NSE.BFF.Compras", "src\api gateways\NSE.BFF.Compras\NSE.BFF.Compras.csproj", "{DD452B90-C792-46DA-94A0-BA814D6AFD62}"
EndProject
Project("{FAE04EC0-301F-11D3-BF4B-00C04F79EFBC}") = "NSE.Pedidos.Domain", "src\services\NSE.Pedidos.Domain\NSE.Pedidos.Domain.csproj", "{DB31BECA-033F-4E9C-9567-5375F21FF419}"
EndProject
Project("{FAE04EC0-301F-11D3-BF4B-00C04F79EFBC}") = "NSE.Pedidos.Infra", "src\services\NSE.Pedidos.Infra\NSE.Pedidos.Infra.csproj", "{97ECDF2D-A779-4F81-883D-02D2298D123A}"
EndProject
Global
	GlobalSection(SolutionConfigurationPlatforms) = preSolution
		Debug|Any CPU = Debug|Any CPU
		Release|Any CPU = Release|Any CPU
	EndGlobalSection
	GlobalSection(ProjectConfigurationPlatforms) = postSolution
		{F74EA9C8-5608-48E8-939C-475A7B459AB8}.Debug|Any CPU.ActiveCfg = Debug|Any CPU
		{F74EA9C8-5608-48E8-939C-475A7B459AB8}.Debug|Any CPU.Build.0 = Debug|Any CPU
		{F74EA9C8-5608-48E8-939C-475A7B459AB8}.Release|Any CPU.ActiveCfg = Release|Any CPU
		{F74EA9C8-5608-48E8-939C-475A7B459AB8}.Release|Any CPU.Build.0 = Release|Any CPU
		{954BAAA7-C7B6-42F6-BF57-B809BF16CA34}.Debug|Any CPU.ActiveCfg = Debug|Any CPU
		{954BAAA7-C7B6-42F6-BF57-B809BF16CA34}.Debug|Any CPU.Build.0 = Debug|Any CPU
		{954BAAA7-C7B6-42F6-BF57-B809BF16CA34}.Release|Any CPU.ActiveCfg = Release|Any CPU
		{954BAAA7-C7B6-42F6-BF57-B809BF16CA34}.Release|Any CPU.Build.0 = Release|Any CPU
		{37D87EC0-2A47-4578-BD08-400DE82A47D9}.Debug|Any CPU.ActiveCfg = Debug|Any CPU
		{37D87EC0-2A47-4578-BD08-400DE82A47D9}.Debug|Any CPU.Build.0 = Debug|Any CPU
		{37D87EC0-2A47-4578-BD08-400DE82A47D9}.Release|Any CPU.ActiveCfg = Release|Any CPU
		{37D87EC0-2A47-4578-BD08-400DE82A47D9}.Release|Any CPU.Build.0 = Release|Any CPU
		{C3127872-16DD-40BA-96AE-233C2C2D79A0}.Debug|Any CPU.ActiveCfg = Debug|Any CPU
		{C3127872-16DD-40BA-96AE-233C2C2D79A0}.Debug|Any CPU.Build.0 = Debug|Any CPU
		{C3127872-16DD-40BA-96AE-233C2C2D79A0}.Release|Any CPU.ActiveCfg = Release|Any CPU
		{C3127872-16DD-40BA-96AE-233C2C2D79A0}.Release|Any CPU.Build.0 = Release|Any CPU
		{78AABEF3-8827-410D-ABFC-C4CD01C08FD0}.Debug|Any CPU.ActiveCfg = Debug|Any CPU
		{78AABEF3-8827-410D-ABFC-C4CD01C08FD0}.Debug|Any CPU.Build.0 = Debug|Any CPU
		{78AABEF3-8827-410D-ABFC-C4CD01C08FD0}.Release|Any CPU.ActiveCfg = Release|Any CPU
		{78AABEF3-8827-410D-ABFC-C4CD01C08FD0}.Release|Any CPU.Build.0 = Release|Any CPU
		{766C0895-6E76-404A-A020-3B60D4C89DDD}.Debug|Any CPU.ActiveCfg = Debug|Any CPU
		{766C0895-6E76-404A-A020-3B60D4C89DDD}.Debug|Any CPU.Build.0 = Debug|Any CPU
		{766C0895-6E76-404A-A020-3B60D4C89DDD}.Release|Any CPU.ActiveCfg = Release|Any CPU
		{766C0895-6E76-404A-A020-3B60D4C89DDD}.Release|Any CPU.Build.0 = Release|Any CPU
		{24235CDB-760D-4380-83BB-53DE3930BEFE}.Debug|Any CPU.ActiveCfg = Debug|Any CPU
		{24235CDB-760D-4380-83BB-53DE3930BEFE}.Debug|Any CPU.Build.0 = Debug|Any CPU
		{24235CDB-760D-4380-83BB-53DE3930BEFE}.Release|Any CPU.ActiveCfg = Release|Any CPU
		{24235CDB-760D-4380-83BB-53DE3930BEFE}.Release|Any CPU.Build.0 = Release|Any CPU
		{B57FA393-87AF-4CF0-A44B-E55769831E5B}.Debug|Any CPU.ActiveCfg = Debug|Any CPU
		{B57FA393-87AF-4CF0-A44B-E55769831E5B}.Debug|Any CPU.Build.0 = Debug|Any CPU
		{B57FA393-87AF-4CF0-A44B-E55769831E5B}.Release|Any CPU.ActiveCfg = Release|Any CPU
		{B57FA393-87AF-4CF0-A44B-E55769831E5B}.Release|Any CPU.Build.0 = Release|Any CPU
		{6B57FDA9-80F0-4D36-94FC-091CCDE9A7DD}.Debug|Any CPU.ActiveCfg = Debug|Any CPU
		{6B57FDA9-80F0-4D36-94FC-091CCDE9A7DD}.Debug|Any CPU.Build.0 = Debug|Any CPU
		{6B57FDA9-80F0-4D36-94FC-091CCDE9A7DD}.Release|Any CPU.ActiveCfg = Release|Any CPU
		{6B57FDA9-80F0-4D36-94FC-091CCDE9A7DD}.Release|Any CPU.Build.0 = Release|Any CPU
		{138DDB6B-223E-4B29-9CAC-68AC81F9C0CE}.Debug|Any CPU.ActiveCfg = Debug|Any CPU
		{138DDB6B-223E-4B29-9CAC-68AC81F9C0CE}.Debug|Any CPU.Build.0 = Debug|Any CPU
		{138DDB6B-223E-4B29-9CAC-68AC81F9C0CE}.Release|Any CPU.ActiveCfg = Release|Any CPU
		{138DDB6B-223E-4B29-9CAC-68AC81F9C0CE}.Release|Any CPU.Build.0 = Release|Any CPU
		{DD452B90-C792-46DA-94A0-BA814D6AFD62}.Debug|Any CPU.ActiveCfg = Debug|Any CPU
		{DD452B90-C792-46DA-94A0-BA814D6AFD62}.Debug|Any CPU.Build.0 = Debug|Any CPU
		{DD452B90-C792-46DA-94A0-BA814D6AFD62}.Release|Any CPU.ActiveCfg = Release|Any CPU
		{DD452B90-C792-46DA-94A0-BA814D6AFD62}.Release|Any CPU.Build.0 = Release|Any CPU
		{DB31BECA-033F-4E9C-9567-5375F21FF419}.Debug|Any CPU.ActiveCfg = Debug|Any CPU
		{DB31BECA-033F-4E9C-9567-5375F21FF419}.Debug|Any CPU.Build.0 = Debug|Any CPU
		{DB31BECA-033F-4E9C-9567-5375F21FF419}.Release|Any CPU.ActiveCfg = Release|Any CPU
		{DB31BECA-033F-4E9C-9567-5375F21FF419}.Release|Any CPU.Build.0 = Release|Any CPU
		{97ECDF2D-A779-4F81-883D-02D2298D123A}.Debug|Any CPU.ActiveCfg = Debug|Any CPU
		{97ECDF2D-A779-4F81-883D-02D2298D123A}.Debug|Any CPU.Build.0 = Debug|Any CPU
		{97ECDF2D-A779-4F81-883D-02D2298D123A}.Release|Any CPU.ActiveCfg = Release|Any CPU
		{97ECDF2D-A779-4F81-883D-02D2298D123A}.Release|Any CPU.Build.0 = Release|Any CPU
	EndGlobalSection
	GlobalSection(SolutionProperties) = preSolution
		HideSolutionNode = FALSE
	EndGlobalSection
	GlobalSection(NestedProjects) = preSolution
		{0E6DEE51-D2DD-45F0-AF2A-17C6378059F2} = {488C050D-93CB-4346-A6E9-77F8DFA6F5AA}
		{27FD2B68-17C4-46DD-BE82-9521E3B3C856} = {488C050D-93CB-4346-A6E9-77F8DFA6F5AA}
		{8A095312-6CED-4771-BAC8-44735BC8A62D} = {488C050D-93CB-4346-A6E9-77F8DFA6F5AA}
		{F62C42E0-8956-4786-88B8-2C58839C1FDC} = {27FD2B68-17C4-46DD-BE82-9521E3B3C856}
		{F74EA9C8-5608-48E8-939C-475A7B459AB8} = {F62C42E0-8956-4786-88B8-2C58839C1FDC}
		{76185F31-1064-40B5-A29C-5C00242E5B04} = {8A095312-6CED-4771-BAC8-44735BC8A62D}
		{954BAAA7-C7B6-42F6-BF57-B809BF16CA34} = {76185F31-1064-40B5-A29C-5C00242E5B04}
		{A5972CFA-887A-4553-9009-77575477F3D7} = {0E6DEE51-D2DD-45F0-AF2A-17C6378059F2}
		{37D87EC0-2A47-4578-BD08-400DE82A47D9} = {A5972CFA-887A-4553-9009-77575477F3D7}
		{6F9E12B8-4081-44AC-8BEC-DD48EA5DD3A9} = {27FD2B68-17C4-46DD-BE82-9521E3B3C856}
		{36034720-0673-45BA-8AEA-5E27E0013A46} = {27FD2B68-17C4-46DD-BE82-9521E3B3C856}
		{589B1644-E11A-441C-9416-C08F627758F3} = {27FD2B68-17C4-46DD-BE82-9521E3B3C856}
		{1FC1BA49-1B76-4F16-8642-DD02441B3FE6} = {27FD2B68-17C4-46DD-BE82-9521E3B3C856}
		{9049F225-D74C-44CD-B5AD-533E9183BAC2} = {27FD2B68-17C4-46DD-BE82-9521E3B3C856}
		{C3127872-16DD-40BA-96AE-233C2C2D79A0} = {6F9E12B8-4081-44AC-8BEC-DD48EA5DD3A9}
		{78AABEF3-8827-410D-ABFC-C4CD01C08FD0} = {36034720-0673-45BA-8AEA-5E27E0013A46}
		{766C0895-6E76-404A-A020-3B60D4C89DDD} = {589B1644-E11A-441C-9416-C08F627758F3}
		{24235CDB-760D-4380-83BB-53DE3930BEFE} = {1FC1BA49-1B76-4F16-8642-DD02441B3FE6}
		{B57FA393-87AF-4CF0-A44B-E55769831E5B} = {9049F225-D74C-44CD-B5AD-533E9183BAC2}
		{A50226F3-3596-4E5F-9445-915A32B2C9D2} = {0E6DEE51-D2DD-45F0-AF2A-17C6378059F2}
		{6B57FDA9-80F0-4D36-94FC-091CCDE9A7DD} = {A50226F3-3596-4E5F-9445-915A32B2C9D2}
		{8A541CDF-0922-46F8-833D-A6FE717F5FFA} = {0E6DEE51-D2DD-45F0-AF2A-17C6378059F2}
		{138DDB6B-223E-4B29-9CAC-68AC81F9C0CE} = {8A541CDF-0922-46F8-833D-A6FE717F5FFA}
		{C1472EB8-7648-42E6-BD27-8C02FCF8C8BE} = {488C050D-93CB-4346-A6E9-77F8DFA6F5AA}
		{0BA8F1CD-3594-45EF-B976-63F8CDD44027} = {C1472EB8-7648-42E6-BD27-8C02FCF8C8BE}
		{DD452B90-C792-46DA-94A0-BA814D6AFD62} = {0BA8F1CD-3594-45EF-B976-63F8CDD44027}
		{DB31BECA-033F-4E9C-9567-5375F21FF419} = {9049F225-D74C-44CD-B5AD-533E9183BAC2}
		{97ECDF2D-A779-4F81-883D-02D2298D123A} = {9049F225-D74C-44CD-B5AD-533E9183BAC2}
	EndGlobalSection
	GlobalSection(ExtensibilityGlobals) = postSolution
		SolutionGuid = {9DED27DF-BDDA-414A-ADB3-E0D93E969820}
	EndGlobalSection
EndGlobal
